
Microsoft Visual Studio Solution File, Format Version 12.00
# Visual Studio 15
VisualStudioVersion = 15.0.28307.1231
MinimumVisualStudioVersion = 10.0.40219.1
Project("{FAE04EC0-301F-11D3-BF4B-00C04F79EFBC}") = "Chapter7_327", "Chapter7_327\Chapter7_327.csproj", "{B6B14C1D-8E78-4FD9-BABB-31B82DA051BD}"
EndProject
Project("{FAE04EC0-301F-11D3-BF4B-00C04F79EFBC}") = "Chapter7_329", "Chapter7_329\Chapter7_329.csproj", "{7CA49D0F-C85E-432C-9B3D-4C291C6564BF}"
EndProject
Project("{FAE04EC0-301F-11D3-BF4B-00C04F79EFBC}") = "Chapter7_338", "Chapter7_338\Chapter7_338.csproj", "{3437C97D-C327-4423-B57C-BD50025EB29E}"
EndProject
Project("{FAE04EC0-301F-11D3-BF4B-00C04F79EFBC}") = "Chapter7_340", "Chapter7_340\Chapter7_340.csproj", "{F7B74E46-0E4C-476C-A892-C3D42A5705F1}"
EndProject
Project("{FAE04EC0-301F-11D3-BF4B-00C04F79EFBC}") = "Chapter7_346", "Chapter7_346\Chapter7_346.csproj", "{6C1E3364-24BB-4C53-A4DB-9DA89804CAAB}"
EndProject
Global
	GlobalSection(SolutionConfigurationPlatforms) = preSolution
		Debug|Any CPU = Debug|Any CPU
		Release|Any CPU = Release|Any CPU
	EndGlobalSection
	GlobalSection(ProjectConfigurationPlatforms) = postSolution
		{B6B14C1D-8E78-4FD9-BABB-31B82DA051BD}.Debug|Any CPU.ActiveCfg = Debug|Any CPU
		{B6B14C1D-8E78-4FD9-BABB-31B82DA051BD}.Debug|Any CPU.Build.0 = Debug|Any CPU
		{B6B14C1D-8E78-4FD9-BABB-31B82DA051BD}.Release|Any CPU.ActiveCfg = Release|Any CPU
		{B6B14C1D-8E78-4FD9-BABB-31B82DA051BD}.Release|Any CPU.Build.0 = Release|Any CPU
		{7CA49D0F-C85E-432C-9B3D-4C291C6564BF}.Debug|Any CPU.ActiveCfg = Debug|Any CPU
		{7CA49D0F-C85E-432C-9B3D-4C291C6564BF}.Debug|Any CPU.Build.0 = Debug|Any CPU
		{7CA49D0F-C85E-432C-9B3D-4C291C6564BF}.Release|Any CPU.ActiveCfg = Release|Any CPU
		{7CA49D0F-C85E-432C-9B3D-4C291C6564BF}.Release|Any CPU.Build.0 = Release|Any CPU
		{3437C97D-C327-4423-B57C-BD50025EB29E}.Debug|Any CPU.ActiveCfg = Debug|Any CPU
		{3437C97D-C327-4423-B57C-BD50025EB29E}.Debug|Any CPU.Build.0 = Debug|Any CPU
		{3437C97D-C327-4423-B57C-BD50025EB29E}.Release|Any CPU.ActiveCfg = Release|Any CPU
		{3437C97D-C327-4423-B57C-BD50025EB29E}.Release|Any CPU.Build.0 = Release|Any CPU
		{F7B74E46-0E4C-476C-A892-C3D42A5705F1}.Debug|Any CPU.ActiveCfg = Debug|Any CPU
		{F7B74E46-0E4C-476C-A892-C3D42A5705F1}.Debug|Any CPU.Build.0 = Debug|Any CPU
		{F7B74E46-0E4C-476C-A892-C3D42A5705F1}.Release|Any CPU.ActiveCfg = Release|Any CPU
		{F7B74E46-0E4C-476C-A892-C3D42A5705F1}.Release|Any CPU.Build.0 = Release|Any CPU
		{6C1E3364-24BB-4C53-A4DB-9DA89804CAAB}.Debug|Any CPU.ActiveCfg = Debug|Any CPU
		{6C1E3364-24BB-4C53-A4DB-9DA89804CAAB}.Debug|Any CPU.Build.0 = Debug|Any CPU
		{6C1E3364-24BB-4C53-A4DB-9DA89804CAAB}.Release|Any CPU.ActiveCfg = Release|Any CPU
		{6C1E3364-24BB-4C53-A4DB-9DA89804CAAB}.Release|Any CPU.Build.0 = Release|Any CPU
	EndGlobalSection
	GlobalSection(SolutionProperties) = preSolution
		HideSolutionNode = FALSE
	EndGlobalSection
	GlobalSection(ExtensibilityGlobals) = postSolution
		SolutionGuid = {3BF6086C-AE93-4F02-A0EB-CE1AC2ABED1E}
	EndGlobalSection
EndGlobal
